// !$*UTF8*$!
{
  archiveVersion = 1;
  classes = {};
  objectVersion = 56;
  objects = {
    F4AABEC1B05310E4B2BA228E = {isa = PBXProject; attributes = {LastUpgradeCheck = 2660; TargetAttributes = {CFFB4278F2F467EF15F549CE = {CreatedOnToolsVersion = 26.0;};};}; buildConfigurationList = DF9EBEA4B961FE3578DF2EF1; compatibilityVersion = "Xcode 14.0"; developmentRegion = en; knownRegions = (en, Base, ru); mainGroup = 3978A9B11F0521FA1130CA27; productRefGroup = 4CBEABA4EF0C568A1D5C9C11; projectDirPath = ""; projectRoot = ""; targets = (CFFB4278F2F467EF15F549CE);};
    732D4E72D1F06A07225D2F55 = {isa = PBXGroup; children = (35F6D6D45531999C7E9C774C,3BD04AD503F97001299FD058,6A7BAAAC3B4BDE129519EE7A,93361113D88DC6A8BE0B1CAF,A424CAA550F2D1A260E17BC8,CF9B218977A27B0DD740A3C2,EE63BE346B2C1B1C97F5EADF); name = "Analytics"; path = "Analytics"; sourceTree = "<group>";};
    FC75AF25089BFE1F29388FBC = {isa = PBXGroup; children = (15FDB16BBA147292E65BBB00,18DF6B9F2D8E2BDC5253454A,9A7006653347F1ABA011925B,9C7EFCDACE7FD3D0DBD30144); name = "App"; path = "App"; sourceTree = "<group>";};
    A21586B4F7EDF5B1EED87772 = {isa = PBXGroup; children = (159C868A7D0409758194AEFD,262DE3705783C8A00430BCD9,99768C4B87D99E365654E5A0,D661CF58493F23579E887187); name = "Core"; path = "Core"; sourceTree = "<group>";};
    DEAE9D0ABBF1DBA24DE0147A = {isa = PBXGroup; children = (D03F7BE706D54A6F528ED4A1); name = "Data"; path = "Data"; sourceTree = "<group>";};
    7E2B98EC38B2780197E67987 = {isa = PBXGroup; children = (B50AEA558C0F5039902E8B14,D6F46CA5625C7F0C67C2CC0C,F88C15272F25E099B6AE393B); name = "Domain"; path = "Domain"; sourceTree = "<group>";};
    F99F42F916CB3E5D9FD21A7B = {isa = PBXGroup; children = (5E5A250F7F458BDE60396C99,A917098D5B55C83A6EB752BC); name = "Features"; path = "Features"; sourceTree = "<group>";};
    7D710A38FFC10F460762FF17 = {isa = PBXGroup; children = (453F585A80858B8A5B397712,549B1ADBF702CCCAD8503D93,821EF4178FCC3AA43966F264,BEB265CC360FF50DAB3D7D7C,C90270E0619D01ED87CEF6CF,F391D1C873EA1695B7FF06BF,F469C45CD49AD716E4075919); name = "Persistence"; path = "Persistence"; sourceTree = "<group>";};
    279400FEEE84FAF19D86B6BA = {isa = PBXGroup; children = (423744A990F9D8EA8FAF392A,4BE162D9989DF17C13937D5A,4F7B959E8989E98CBF05DE44,7250C614AB1F425A9F1752C6,A0C817C6054C16EE39127AB1,C54FC930EA6DD0CA9A9CBE6F,C7A9B5DC96E5CB8B1DF43A48,DB53FECFA07B79CE20CE7621,E1117EC1FDC5B20296384411,EEC862D69D3173187A5D391F); name = "Services"; path = "Services"; sourceTree = "<group>";};
    D03F7BE706D54A6F528ED4A1 = {isa = PBXGroup; children = (1B8C545B2AA42856DD68382C,FBAC29FB92D6EDC30484BC36); name = "API"; path = "API"; sourceTree = "<group>";};
    5E5A250F7F458BDE60396C99 = {isa = PBXGroup; children = (3D60D4CBBB315912161C5D71,A106F83D52A865F6FD2FAAA4); name = "Admin"; path = "Admin"; sourceTree = "<group>";};
    A917098D5B55C83A6EB752BC = {isa = PBXGroup; children = (57C312CD0E278315B80B93D4,A9C9F08A0E994060CE95AFA9,B9EF26B53D3A424039A1AC50,E6374F5CFEAAA789418F8489); name = "Client"; path = "Client"; sourceTree = "<group>";};
    A106F83D52A865F6FD2FAAA4 = {isa = PBXGroup; children = (1B06112D654F4415A9433919); name = "Tuning"; path = "Tuning"; sourceTree = "<group>";};
    57C312CD0E278315B80B93D4 = {isa = PBXGroup; children = (1D08B0E67E02A2A4EB5941B2,237C9D7704D252646B52B55D,A037B03C8810BBE49EB8535A); name = "Forecast"; path = "Forecast"; sourceTree = "<group>";};
    A9C9F08A0E994060CE95AFA9 = {isa = PBXGroup; children = (523E30BB8241B81070E65F38,968EEC5D13DD1C42D1584AF6); name = "Journal"; path = "Journal"; sourceTree = "<group>";};
    E6374F5CFEAAA789418F8489 = {isa = PBXGroup; children = (FDC7C3D488D335B7069073FC); name = "Settings"; path = "Settings"; sourceTree = "<group>";};
    B9EF26B53D3A424039A1AC50 = {isa = PBXGroup; children = (70586B9718F2F8EFE0E0EB3A); name = "Statistics"; path = "Statistics"; sourceTree = "<group>";};
    3978A9B11F0521FA1130CA27 = {isa = PBXGroup; children = (4CBEABA4EF0C568A1D5C9C11,0A7A9D3E5B1F4C2896D0E7A1); sourceTree = "<group>";};
    4CBEABA4EF0C568A1D5C9C11 = {isa = PBXGroup; children = (91FBCD5331B1A9693FB8442D); name = Products; sourceTree = "<group>";};
    0A7A9D3E5B1F4C2896D0E7A1 = {isa = PBXGroup; children = (279400FEEE84FAF19D86B6BA,5B5CD95BC9742EF88C543BE3,732D4E72D1F06A07225D2F55,7D710A38FFC10F460762FF17,7E2B98EC38B2780197E67987,A21586B4F7EDF5B1EED87772,DEAE9D0ABBF1DBA24DE0147A,F99F42F916CB3E5D9FD21A7B,FC75AF25089BFE1F29388FBC,46FAD396C80C944CCF6186D9); name = "SyndicateQuant"; path = "SyndicateQuant"; sourceTree = "<group>";};
    91FBCD5331B1A9693FB8442D = {isa = PBXFileReference; explicitFileType = wrapper.application; includeInIndex = 0; path = SyndicateQuant.app; sourceTree = BUILT_PRODUCTS_DIR;};
    35F6D6D45531999C7E9C774C = {isa = PBXFileReference; lastKnownFileType = sourcecode.swift; path = "BacktestEngine.swift"; sourceTree = "<group>";};
    6A7BAAAC3B4BDE129519EE7A = {isa = PBXFileReference; lastKnownFileType = sourcecode.swift; path = "MetricsModels.swift"; sourceTree = "<group>";};
    A424CAA550F2D1A260E17BC8 = {isa = PBXFileReference; lastKnownFileType = sourcecode.swift; path = "QuantEngine.swift"; sourceTree = "<group>";};
    3BD04AD503F97001299FD058 = {isa = PBXFileReference; lastKnownFileType = sourcecode.swift; path = "QuantEngineSupport.swift"; sourceTree = "<group>";};
    CF9B218977A27B0DD740A3C2 = {isa = PBXFileReference; lastKnownFileType = sourcecode.swift; path = "QuantMath.swift"; sourceTree = "<group>";};
    EE63BE346B2C1B1C97F5EADF = {isa = PBXFileReference; lastKnownFileType = sourcecode.swift; path = "Quote+Analysis.swift"; sourceTree = "<group>";};
    93361113D88DC6A8BE0B1CAF = {isa = PBXFileReference; lastKnownFileType = sourcecode.swift; path = "ValidationModels.swift"; sourceTree = "<group>";};
    18DF6B9F2D8E2BDC5253454A = {isa = PBXFileReference; lastKnownFileType = sourcecode.swift; path = "AppDelegate.swift"; sourceTree = "<group>";};
    9C7EFCDACE7FD3D0DBD30144 = {isa = PBXFileReference; lastKnownFileType = sourcecode.swift; path = "AppDependencies.swift"; sourceTree = "<group>";};
    9A7006653347F1ABA011925B = {isa = PBXFileReference; lastKnownFileType = sourcecode.swift; path = "AppSettings.swift"; sourceTree = "<group>";};
    15FDB16BBA147292E65BBB00 = {isa = PBXFileReference; lastKnownFileType = sourcecode.swift; path = "OverBetApp.swift"; sourceTree = "<group>";};
    159C868A7D0409758194AEFD = {isa = PBXFileReference; lastKnownFileType = sourcecode.swift; path = "Formatters.swift"; sourceTree = "<group>";};
    D661CF58493F23579E887187 = {isa = PBXFileReference; lastKnownFileType = sourcecode.swift; path = "KeychainStore.swift"; sourceTree = "<group>";};
    99768C4B87D99E365654E5A0 = {isa = PBXFileReference; lastKnownFileType = sourcecode.swift; path = "NotificationService.swift"; sourceTree = "<group>";};
    262DE3705783C8A00430BCD9 = {isa = PBXFileReference; lastKnownFileType = sourcecode.swift; path = "RuntimeModels.swift"; sourceTree = "<group>";};
    1B8C545B2AA42856DD68382C = {isa = PBXFileReference; lastKnownFileType = sourcecode.swift; path = "APITransport.swift"; sourceTree = "<group>";};
    FBAC29FB92D6EDC30484BC36 = {isa = PBXFileReference; lastKnownFileType = sourcecode.swift; path = "SStatsClient.swift"; sourceTree = "<group>";};
    B50AEA558C0F5039902E8B14 = {isa = PBXFileReference; lastKnownFileType = sourcecode.swift; path = "BetTier.swift"; sourceTree = "<group>";};
    F88C15272F25E099B6AE393B = {isa = PBXFileReference; lastKnownFileType = sourcecode.swift; path = "LeagueModels.swift"; sourceTree = "<group>";};
    D6F46CA5625C7F0C67C2CC0C = {isa = PBXFileReference; lastKnownFileType = sourcecode.swift; path = "SignalModels.swift"; sourceTree = "<group>";};
    3D60D4CBBB315912161C5D71 = {isa = PBXFileReference; lastKnownFileType = sourcecode.swift; path = "AdminConsoleView.swift"; sourceTree = "<group>";};
    1B06112D654F4415A9433919 = {isa = PBXFileReference; lastKnownFileType = sourcecode.swift; path = "SelfTuningView.swift"; sourceTree = "<group>";};
    237C9D7704D252646B52B55D = {isa = PBXFileReference; lastKnownFileType = sourcecode.swift; path = "ForecastDetailView.swift"; sourceTree = "<group>";};
    1D08B0E67E02A2A4EB5941B2 = {isa = PBXFileReference; lastKnownFileType = sourcecode.swift; path = "ForecastRow.swift"; sourceTree = "<group>";};
    A037B03C8810BBE49EB8535A = {isa = PBXFileReference; lastKnownFileType = sourcecode.swift; path = "ForecastView.swift"; sourceTree = "<group>";};
    968EEC5D13DD1C42D1584AF6 = {isa = PBXFileReference; lastKnownFileType = sourcecode.swift; path = "JournalEntryDetailView.swift"; sourceTree = "<group>";};
    523E30BB8241B81070E65F38 = {isa = PBXFileReference; lastKnownFileType = sourcecode.swift; path = "JournalView.swift"; sourceTree = "<group>";};
    FDC7C3D488D335B7069073FC = {isa = PBXFileReference; lastKnownFileType = sourcecode.swift; path = "SettingsView.swift"; sourceTree = "<group>";};
    70586B9718F2F8EFE0E0EB3A = {isa = PBXFileReference; lastKnownFileType = sourcecode.swift; path = "StatisticsView.swift"; sourceTree = "<group>";};
    BEB265CC360FF50DAB3D7D7C = {isa = PBXFileReference; lastKnownFileType = sourcecode.swift; path = "AnalysisPersistenceModels.swift"; sourceTree = "<group>";};
    F469C45CD49AD716E4075919 = {isa = PBXFileReference; lastKnownFileType = sourcecode.swift; path = "AppMigrationPlan.swift"; sourceTree = "<group>";};
    C90270E0619D01ED87CEF6CF = {isa = PBXFileReference; lastKnownFileType = sourcecode.swift; path = "AppSchema.swift"; sourceTree = "<group>";};
    F391D1C873EA1695B7FF06BF = {isa = PBXFileReference; lastKnownFileType = sourcecode.swift; path = "BacktestPersistenceModels.swift"; sourceTree = "<group>";};
    453F585A80858B8A5B397712 = {isa = PBXFileReference; lastKnownFileType = sourcecode.swift; path = "BacktestSnapshot+Decoding.swift"; sourceTree = "<group>";};
    821EF4178FCC3AA43966F264 = {isa = PBXFileReference; lastKnownFileType = sourcecode.swift; path = "JournalPersistenceModels.swift"; sourceTree = "<group>";};
    549B1ADBF702CCCAD8503D93 = {isa = PBXFileReference; lastKnownFileType = sourcecode.swift; path = "PersistenceController.swift"; sourceTree = "<group>";};
    46FAD396C80C944CCF6186D9 = {isa = PBXFileReference; lastKnownFileType = sourcecode.swift; path = "RootView.swift"; sourceTree = "<group>";};
    C54FC930EA6DD0CA9A9CBE6F = {isa = PBXFileReference; lastKnownFileType = sourcecode.swift; path = "AdminAccessService.swift"; sourceTree = "<group>";};
    A0C817C6054C16EE39127AB1 = {isa = PBXFileReference; lastKnownFileType = sourcecode.swift; path = "BacktestService.swift"; sourceTree = "<group>";};
    EEC862D69D3173187A5D391F = {isa = PBXFileReference; lastKnownFileType = sourcecode.swift; path = "HistoricalMarketCacheService.swift"; sourceTree = "<group>";};
    C7A9B5DC96E5CB8B1DF43A48 = {isa = PBXFileReference; lastKnownFileType = sourcecode.swift; path = "JournalService.swift"; sourceTree = "<group>";};
    423744A990F9D8EA8FAF392A = {isa = PBXFileReference; lastKnownFileType = sourcecode.swift; path = "LineSnapshotService.swift"; sourceTree = "<group>";};
    E1117EC1FDC5B20296384411 = {isa = PBXFileReference; lastKnownFileType = sourcecode.swift; path = "LiveMonitor.swift"; sourceTree = "<group>";};
    DB53FECFA07B79CE20CE7621 = {isa = PBXFileReference; lastKnownFileType = sourcecode.swift; path = "ScanCoordinator.swift"; sourceTree = "<group>";};
    4F7B959E8989E98CBF05DE44 = {isa = PBXFileReference; lastKnownFileType = sourcecode.swift; path = "SubscriptionService.swift"; sourceTree = "<group>";};
    7250C614AB1F425A9F1752C6 = {isa = PBXFileReference; lastKnownFileType = sourcecode.swift; path = "TeamRatingService.swift"; sourceTree = "<group>";};
    4BE162D9989DF17C13937D5A = {isa = PBXFileReference; lastKnownFileType = sourcecode.swift; path = "TuningService.swift"; sourceTree = "<group>";};
    5B5CD95BC9742EF88C543BE3 = {isa = PBXFileReference; lastKnownFileType = text.plist.xml; path = Info.plist; sourceTree = "<group>";};
    0E86C50C056485479749AFC9 = {isa = PBXBuildFile; fileRef = 35F6D6D45531999C7E9C774C;};
    7F5C328C6C166B361EEDEE97 = {isa = PBXBuildFile; fileRef = 6A7BAAAC3B4BDE129519EE7A;};
    E3EC84C4D0531152EFF723B2 = {isa = PBXBuildFile; fileRef = A424CAA550F2D1A260E17BC8;};
    F4CA6C2AF38C878C7B1B9C9A = {isa = PBXBuildFile; fileRef = 3BD04AD503F97001299FD058;};
    21DEBDC51CF2515315C67B55 = {isa = PBXBuildFile; fileRef = CF9B218977A27B0DD740A3C2;};
    21EA6F89433EC6FA06C793D5 = {isa = PBXBuildFile; fileRef = EE63BE346B2C1B1C97F5EADF;};
    65BDFF710B01277A6C33DC18 = {isa = PBXBuildFile; fileRef = 93361113D88DC6A8BE0B1CAF;};
    71BC4F4430A4E9060A095D94 = {isa = PBXBuildFile; fileRef = 18DF6B9F2D8E2BDC5253454A;};
    C09443C408542CD40C9BFA15 = {isa = PBXBuildFile; fileRef = 9C7EFCDACE7FD3D0DBD30144;};
    17E92212AA8600B941B2A892 = {isa = PBXBuildFile; fileRef = 9A7006653347F1ABA011925B;};
    5B13D382D83EE73A26F9A7AB = {isa = PBXBuildFile; fileRef = 15FDB16BBA147292E65BBB00;};
    6ABE5AAB5104D620A006F45E = {isa = PBXBuildFile; fileRef = 159C868A7D0409758194AEFD;};
    4FAE4A585763F93864107E5D = {isa = PBXBuildFile; fileRef = D661CF58493F23579E887187;};
    8DB8A5511B72040D5427FCEE = {isa = PBXBuildFile; fileRef = 99768C4B87D99E365654E5A0;};
    ECFBC8EFB42C9B459F9DD944 = {isa = PBXBuildFile; fileRef = 262DE3705783C8A00430BCD9;};
    39D1E3294497CA168D1C415D = {isa = PBXBuildFile; fileRef = 1B8C545B2AA42856DD68382C;};
    11D32ED53A6AADE063E34B05 = {isa = PBXBuildFile; fileRef = FBAC29FB92D6EDC30484BC36;};
    BC2875E7415B5D733C9569B6 = {isa = PBXBuildFile; fileRef = B50AEA558C0F5039902E8B14;};
    98142BF4BF2B233D480C0BDF = {isa = PBXBuildFile; fileRef = F88C15272F25E099B6AE393B;};
    ED73C37E5BEA01E4E18C40DA = {isa = PBXBuildFile; fileRef = D6F46CA5625C7F0C67C2CC0C;};
    DC782F4A4B7513EF636089CA = {isa = PBXBuildFile; fileRef = 3D60D4CBBB315912161C5D71;};
    AB8759BB6D9C4E0E65BC628C = {isa = PBXBuildFile; fileRef = 1B06112D654F4415A9433919;};
    817C06C234A43131456A4968 = {isa = PBXBuildFile; fileRef = 237C9D7704D252646B52B55D;};
    C424A1411F998B9F27EAE190 = {isa = PBXBuildFile; fileRef = 1D08B0E67E02A2A4EB5941B2;};
    347FC3402892643C10E8B9C6 = {isa = PBXBuildFile; fileRef = A037B03C8810BBE49EB8535A;};
    5A348472C3AF269D0B33F8CD = {isa = PBXBuildFile; fileRef = 968EEC5D13DD1C42D1584AF6;};
    318018A74F742D01A69C40D0 = {isa = PBXBuildFile; fileRef = 523E30BB8241B81070E65F38;};
    C3C25EECF1ADA0681F728E51 = {isa = PBXBuildFile; fileRef = FDC7C3D488D335B7069073FC;};
    E3200B0CCAB132D8CD01EEF4 = {isa = PBXBuildFile; fileRef = 70586B9718F2F8EFE0E0EB3A;};
    531C3EBAE377C4338CA7AEAA = {isa = PBXBuildFile; fileRef = BEB265CC360FF50DAB3D7D7C;};
    867AFACC0F7BC69B833545AB = {isa = PBXBuildFile; fileRef = F469C45CD49AD716E4075919;};
    208B463A50FEE2BDE382DF49 = {isa = PBXBuildFile; fileRef = C90270E0619D01ED87CEF6CF;};
    802714A63D910D8D55B228D4 = {isa = PBXBuildFile; fileRef = F391D1C873EA1695B7FF06BF;};
    5D223CEB7E127F186F092A04 = {isa = PBXBuildFile; fileRef = 453F585A80858B8A5B397712;};
    97D3A699131BDEBE80D5AEBB = {isa = PBXBuildFile; fileRef = 821EF4178FCC3AA43966F264;};
    59F0B378E782AC2588C82066 = {isa = PBXBuildFile; fileRef = 549B1ADBF702CCCAD8503D93;};
    726B8D6D485D651A5CC6504E = {isa = PBXBuildFile; fileRef = 46FAD396C80C944CCF6186D9;};
    DC358A2C3CB0D4C1056F2A16 = {isa = PBXBuildFile; fileRef = C54FC930EA6DD0CA9A9CBE6F;};
    4DEB2F98E347FEDEB282235E = {isa = PBXBuildFile; fileRef = A0C817C6054C16EE39127AB1;};
    6A5444327EFA59AED51F1631 = {isa = PBXBuildFile; fileRef = EEC862D69D3173187A5D391F;};
    612F51408D1F244FCE9CD563 = {isa = PBXBuildFile; fileRef = C7A9B5DC96E5CB8B1DF43A48;};
    164B6E35F440DE095C5DCD6E = {isa = PBXBuildFile; fileRef = 423744A990F9D8EA8FAF392A;};
    2A697E350520161EF1FFF922 = {isa = PBXBuildFile; fileRef = E1117EC1FDC5B20296384411;};
    6F4513BDA5C64A6181934F46 = {isa = PBXBuildFile; fileRef = DB53FECFA07B79CE20CE7621;};
    A18F6D4B5B9074D2F62B5CF5 = {isa = PBXBuildFile; fileRef = 4F7B959E8989E98CBF05DE44;};
    0596D7735BE19BB397C62903 = {isa = PBXBuildFile; fileRef = 7250C614AB1F425A9F1752C6;};
    DA37F7A5493E769358DC8C78 = {isa = PBXBuildFile; fileRef = 4BE162D9989DF17C13937D5A;};
    45A6ED95689F96F225C51BA0 = {isa = PBXSourcesBuildPhase; buildActionMask = 2147483647; files = (0E86C50C056485479749AFC9,7F5C328C6C166B361EEDEE97,E3EC84C4D0531152EFF723B2,F4CA6C2AF38C878C7B1B9C9A,21DEBDC51CF2515315C67B55,21EA6F89433EC6FA06C793D5,65BDFF710B01277A6C33DC18,71BC4F4430A4E9060A095D94,C09443C408542CD40C9BFA15,17E92212AA8600B941B2A892,5B13D382D83EE73A26F9A7AB,6ABE5AAB5104D620A006F45E,4FAE4A585763F93864107E5D,8DB8A5511B72040D5427FCEE,ECFBC8EFB42C9B459F9DD944,39D1E3294497CA168D1C415D,11D32ED53A6AADE063E34B05,BC2875E7415B5D733C9569B6,98142BF4BF2B233D480C0BDF,ED73C37E5BEA01E4E18C40DA,DC782F4A4B7513EF636089CA,AB8759BB6D9C4E0E65BC628C,817C06C234A43131456A4968,C424A1411F998B9F27EAE190,347FC3402892643C10E8B9C6,5A348472C3AF269D0B33F8CD,318018A74F742D01A69C40D0,C3C25EECF1ADA0681F728E51,E3200B0CCAB132D8CD01EEF4,531C3EBAE377C4338CA7AEAA,867AFACC0F7BC69B833545AB,208B463A50FEE2BDE382DF49,802714A63D910D8D55B228D4,5D223CEB7E127F186F092A04,97D3A699131BDEBE80D5AEBB,59F0B378E782AC2588C82066,726B8D6D485D651A5CC6504E,DC358A2C3CB0D4C1056F2A16,4DEB2F98E347FEDEB282235E,6A5444327EFA59AED51F1631,612F51408D1F244FCE9CD563,164B6E35F440DE095C5DCD6E,2A697E350520161EF1FFF922,6F4513BDA5C64A6181934F46,A18F6D4B5B9074D2F62B5CF5,0596D7735BE19BB397C62903,DA37F7A5493E769358DC8C78); runOnlyForDeploymentPostprocessing = 0;};
    B3E55054AB71F11A8A408C45 = {isa = PBXFrameworksBuildPhase; buildActionMask = 2147483647; files = (); runOnlyForDeploymentPostprocessing = 0;};
    535234C75624230BE7B5F796 = {isa = PBXResourcesBuildPhase; buildActionMask = 2147483647; files = (); runOnlyForDeploymentPostprocessing = 0;};
    CFFB4278F2F467EF15F549CE = {isa = PBXNativeTarget; buildConfigurationList = E14EFF3C1D906C4728CCDAA1; buildPhases = (45A6ED95689F96F225C51BA0,B3E55054AB71F11A8A408C45,535234C75624230BE7B5F796); buildRules = (); dependencies = (); name = SyndicateQuant; productName = SyndicateQuant; productReference = 91FBCD5331B1A9693FB8442D; productType = "com.apple.product-type.application";};
    DF9EBEA4B961FE3578DF2EF1 = {isa = XCConfigurationList; buildConfigurations = (47F8E3AE1DD0EBE8C8B8CA10,100C506D420EC5CEC6A8E1E8); defaultConfigurationIsVisible = 0; defaultConfigurationName = Release;};
    47F8E3AE1DD0EBE8C8B8CA10 = {isa = XCBuildConfiguration; buildSettings = {SWIFT_VERSION = 5.0; SWIFT_STRICT_CONCURRENCY = minimal; IPHONEOS_DEPLOYMENT_TARGET = 17.0; ALWAYS_SEARCH_USER_PATHS = NO; USE_HEADERMAP = NO;}; name = Debug;};
    100C506D420EC5CEC6A8E1E8 = {isa = XCBuildConfiguration; buildSettings = {SWIFT_VERSION = 5.0; SWIFT_STRICT_CONCURRENCY = minimal; IPHONEOS_DEPLOYMENT_TARGET = 17.0; ALWAYS_SEARCH_USER_PATHS = NO; USE_HEADERMAP = NO;}; name = Release;};
    E14EFF3C1D906C4728CCDAA1 = {isa = XCConfigurationList; buildConfigurations = (D07C2855A15EFB0248A69DF4,2E555BFDFE0FFEBA9FD51B52); defaultConfigurationIsVisible = 0; defaultConfigurationName = Release;};
    D07C2855A15EFB0248A69DF4 = {isa = XCBuildConfiguration; buildSettings = {PRODUCT_NAME = SyndicateQuant; PRODUCT_BUNDLE_IDENTIFIER = com.syndicatequant.app; MARKETING_VERSION = 6.2.0; CURRENT_PROJECT_VERSION = 620; INFOPLIST_FILE = "SyndicateQuant/Info.plist"; SWIFT_VERSION = 5.0; SWIFT_STRICT_CONCURRENCY = minimal; IPHONEOS_DEPLOYMENT_TARGET = 17.0; ALWAYS_SEARCH_USER_PATHS = NO; USE_HEADERMAP = NO; TARGETED_DEVICE_FAMILY = "1,2"; SUPPORTED_PLATFORMS = "iphoneos iphonesimulator"; CODE_SIGN_STYLE = Automatic;}; name = Debug;};
    2E555BFDFE0FFEBA9FD51B52 = {isa = XCBuildConfiguration; buildSettings = {PRODUCT_NAME = SyndicateQuant; PRODUCT_BUNDLE_IDENTIFIER = com.syndicatequant.app; MARKETING_VERSION = 6.2.0; CURRENT_PROJECT_VERSION = 620; INFOPLIST_FILE = "SyndicateQuant/Info.plist"; SWIFT_VERSION = 5.0; SWIFT_STRICT_CONCURRENCY = minimal; IPHONEOS_DEPLOYMENT_TARGET = 17.0; ALWAYS_SEARCH_USER_PATHS = NO; USE_HEADERMAP = NO; TARGETED_DEVICE_FAMILY = "1,2"; SUPPORTED_PLATFORMS = "iphoneos iphonesimulator"; CODE_SIGN_STYLE = Automatic;}; name = Release;};
  };
  rootObject = F4AABEC1B05310E4B2BA228E;
}
